
Microsoft Visual Studio Solution File, Format Version 12.00
# Visual Studio 14
VisualStudioVersion = 14.0.24720.0
MinimumVisualStudioVersion = 10.0.40219.1
Project("{FAE04EC0-301F-11D3-BF4B-00C04F79EFBC}") = "Reddit-buddy", "Reddit-buddy\Reddit-buddy.csproj", "{1CE8EF3D-6F84-47A6-A002-598F0FE273AD}"
EndProject
Project("{54435603-DBB4-11D2-8724-00A0C9A8B90C}") = "Reddit-BuddySetup", "Reddit-BuddySetup\Reddit-BuddySetup.vdproj", "{9DDE57DC-1BD1-47CE-B942-FFA03110829C}"
EndProject
Global
	GlobalSection(SolutionConfigurationPlatforms) = preSolution
		Debug|Any CPU = Debug|Any CPU
		Release|Any CPU = Release|Any CPU
	EndGlobalSection
	GlobalSection(ProjectConfigurationPlatforms) = postSolution
		{1CE8EF3D-6F84-47A6-A002-598F0FE273AD}.Debug|Any CPU.ActiveCfg = Debug|Any CPU
		{1CE8EF3D-6F84-47A6-A002-598F0FE273AD}.Debug|Any CPU.Build.0 = Debug|Any CPU
		{1CE8EF3D-6F84-47A6-A002-598F0FE273AD}.Release|Any CPU.ActiveCfg = Release|Any CPU
		{1CE8EF3D-6F84-47A6-A002-598F0FE273AD}.Release|Any CPU.Build.0 = Release|Any CPU
		{9DDE57DC-1BD1-47CE-B942-FFA03110829C}.Debug|Any CPU.ActiveCfg = Debug
		{9DDE57DC-1BD1-47CE-B942-FFA03110829C}.Release|Any CPU.ActiveCfg = Release
		{9DDE57DC-1BD1-47CE-B942-FFA03110829C}.Release|Any CPU.Build.0 = Release
	EndGlobalSection
	GlobalSection(SolutionProperties) = preSolution
		HideSolutionNode = FALSE
	EndGlobalSection
EndGlobal
